Microsoft Visual Studio Solution File, Format Version 12.00
# Visual Studio Version 17
VisualStudioVersion = 17.5.2.0
MinimumVisualStudioVersion = 10.0.40219.1
Project("{FAE04EC0-301F-11D3-BF4B-00C04F79EFBC}") = "RedRiverApp", "RedRiverApp.csproj", "{F14ADF91-76DE-6428-953A-DBE30D33A24A}"
EndProject
Global
	GlobalSection(SolutionConfigurationPlatforms) = preSolution
		Debug|Any CPU = Debug|Any CPU
		Release|Any CPU = Release|Any CPU
	EndGlobalSection
	GlobalSection(ProjectConfigurationPlatforms) = postSolution
		{F14ADF91-76DE-6428-953A-DBE30D33A24A}.Debug|Any CPU.ActiveCfg = Debug|Any CPU
		{F14ADF91-76DE-6428-953A-DBE30D33A24A}.Debug|Any CPU.Build.0 = Debug|Any CPU
		{F14ADF91-76DE-6428-953A-DBE30D33A24A}.Release|Any CPU.ActiveCfg = Release|Any CPU
		{F14ADF91-76DE-6428-953A-DBE30D33A24A}.Release|Any CPU.Build.0 = Release|Any CPU
	EndGlobalSection
	GlobalSection(SolutionProperties) = preSolution
		HideSolutionNode = FALSE
	EndGlobalSection
	GlobalSection(ExtensibilityGlobals) = postSolution
		SolutionGuid = {63E083CB-E365-4D1B-8AB5-EC0C55DBD3FF}
	EndGlobalSection
EndGlobal
